
Microsoft Visual Studio Solution File, Format Version 12.00
Project("{FAE04EC0-301F-11D3-BF4B-00C04F79EFBC}") = "RecruitBackend", "RecruitBackend\RecruitBackend.csproj", "{6456BFDF-13F0-4E27-BF26-7229D884FB65}"
EndProject
Project("{FAE04EC0-301F-11D3-BF4B-00C04F79EFBC}") = "RecruitBackend.UnitTests", "RecruitBackend.UnitTests\RecruitBackend.UnitTests.csproj", "{109C9F56-D6BE-45C9-950F-F73FE7025927}"
EndProject
Global
	GlobalSection(SolutionConfigurationPlatforms) = preSolution
		Debug|Any CPU = Debug|Any CPU
		Release|Any CPU = Release|Any CPU
	EndGlobalSection
	GlobalSection(ProjectConfigurationPlatforms) = postSolution
		{6456BFDF-13F0-4E27-BF26-7229D884FB65}.Debug|Any CPU.ActiveCfg = Debug|Any CPU
		{6456BFDF-13F0-4E27-BF26-7229D884FB65}.Debug|Any CPU.Build.0 = Debug|Any CPU
		{6456BFDF-13F0-4E27-BF26-7229D884FB65}.Release|Any CPU.ActiveCfg = Release|Any CPU
		{6456BFDF-13F0-4E27-BF26-7229D884FB65}.Release|Any CPU.Build.0 = Release|Any CPU
		{109C9F56-D6BE-45C9-950F-F73FE7025927}.Debug|Any CPU.ActiveCfg = Debug|Any CPU
		{109C9F56-D6BE-45C9-950F-F73FE7025927}.Debug|Any CPU.Build.0 = Debug|Any CPU
		{109C9F56-D6BE-45C9-950F-F73FE7025927}.Release|Any CPU.ActiveCfg = Release|Any CPU
		{109C9F56-D6BE-45C9-950F-F73FE7025927}.Release|Any CPU.Build.0 = Release|Any CPU
	EndGlobalSection
EndGlobal
